
Microsoft Visual Studio Solution File, Format Version 12.00
# Visual Studio Version 16
VisualStudioVersion = 16.0.28531.58
MinimumVisualStudioVersion = 10.0.40219.1
Project("{9A19103F-16F7-4668-BE54-9A1E7A4F7556}") = "Branca", "src\Branca\Branca.csproj", "{AEE3EAC6-6C22-4D1C-B61E-98155B5B5210}"
EndProject
Project("{FAE04EC0-301F-11D3-BF4B-00C04F79EFBC}") = "Branca.Tests", "src\Branca.Tests\Branca.Tests.csproj", "{2F3D800D-9318-4C8A-9DA4-FE65EFE2F7D5}"
EndProject
Global
	GlobalSection(SolutionConfigurationPlatforms) = preSolution
		Debug|Any CPU = Debug|Any CPU
		Release|Any CPU = Release|Any CPU
	EndGlobalSection
	GlobalSection(ProjectConfigurationPlatforms) = postSolution
		{AEE3EAC6-6C22-4D1C-B61E-98155B5B5210}.Debug|Any CPU.ActiveCfg = Debug|Any CPU
		{AEE3EAC6-6C22-4D1C-B61E-98155B5B5210}.Debug|Any CPU.Build.0 = Debug|Any CPU
		{AEE3EAC6-6C22-4D1C-B61E-98155B5B5210}.Release|Any CPU.ActiveCfg = Release|Any CPU
		{AEE3EAC6-6C22-4D1C-B61E-98155B5B5210}.Release|Any CPU.Build.0 = Release|Any CPU
		{2F3D800D-9318-4C8A-9DA4-FE65EFE2F7D5}.Debug|Any CPU.ActiveCfg = Debug|Any CPU
		{2F3D800D-9318-4C8A-9DA4-FE65EFE2F7D5}.Debug|Any CPU.Build.0 = Debug|Any CPU
		{2F3D800D-9318-4C8A-9DA4-FE65EFE2F7D5}.Release|Any CPU.ActiveCfg = Release|Any CPU
		{2F3D800D-9318-4C8A-9DA4-FE65EFE2F7D5}.Release|Any CPU.Build.0 = Release|Any CPU
	EndGlobalSection
	GlobalSection(SolutionProperties) = preSolution
		HideSolutionNode = FALSE
	EndGlobalSection
	GlobalSection(ExtensibilityGlobals) = postSolution
		SolutionGuid = {37E8F653-1BC3-428E-91C0-F2489CCC6237}
	EndGlobalSection
EndGlobal
